
Microsoft Visual Studio Solution File, Format Version 12.00
# Visual Studio Version 17
VisualStudioVersion = 17.10.35027.167
MinimumVisualStudioVersion = 10.0.40219.1
Project("{FAE04EC0-301F-11D3-BF4B-00C04F79EFBC}") = "SimpleProxy", "SimpleProxy.csproj", "{A195C5FE-BCAC-4DA5-8EC3-FF3B11B9C4B8}"
EndProject
Global
	GlobalSection(SolutionConfigurationPlatforms) = preSolution
		Debug|Any CPU = Debug|Any CPU
		Release|Any CPU = Release|Any CPU
	EndGlobalSection
	GlobalSection(ProjectConfigurationPlatforms) = postSolution
		{A195C5FE-BCAC-4DA5-8EC3-FF3B11B9C4B8}.Debug|Any CPU.ActiveCfg = Debug|Any CPU
		{A195C5FE-BCAC-4DA5-8EC3-FF3B11B9C4B8}.Debug|Any CPU.Build.0 = Debug|Any CPU
		{A195C5FE-BCAC-4DA5-8EC3-FF3B11B9C4B8}.Release|Any CPU.ActiveCfg = Release|Any CPU
		{A195C5FE-BCAC-4DA5-8EC3-FF3B11B9C4B8}.Release|Any CPU.Build.0 = Release|Any CPU
	EndGlobalSection
	GlobalSection(SolutionProperties) = preSolution
		HideSolutionNode = FALSE
	EndGlobalSection
	GlobalSection(ExtensibilityGlobals) = postSolution
		SolutionGuid = {A2608FB4-609A-481E-B4B5-6E3E8BBA1383}
	EndGlobalSection
EndGlobal
